Microsoft Visual Studio Solution File, Format Version 11.00
# Visual Studio 2008

Project("{4A533DF8-50A0-B12C-EF7E-C9B1B62CDF67}") = "GGJ 2017 final", "Assembly-CSharp.csproj", "{A0730722-7545-29E5-84EB-3E20FA344785}"
EndProject
Global
	GlobalSection(SolutionConfigurationPlatforms) = preSolution
		Debug|Any CPU = Debug|Any CPU
		Release|Any CPU = Release|Any CPU
	EndGlobalSection
	GlobalSection(ProjectConfigurationPlatforms) = postSolution
		{A0730722-7545-29E5-84EB-3E20FA344785}.Debug|Any CPU.ActiveCfg = Debug|Any CPU
		{A0730722-7545-29E5-84EB-3E20FA344785}.Debug|Any CPU.Build.0 = Debug|Any CPU
		{A0730722-7545-29E5-84EB-3E20FA344785}.Release|Any CPU.ActiveCfg = Release|Any CPU
		{A0730722-7545-29E5-84EB-3E20FA344785}.Release|Any CPU.Build.0 = Release|Any CPU
	EndGlobalSection
	GlobalSection(SolutionProperties) = preSolution
		HideSolutionNode = FALSE
	EndGlobalSection
	GlobalSection(MonoDevelopProperties) = preSolution
		StartupItem = Assembly-CSharp.csproj
	EndGlobalSection
EndGlobal
